<?xml version="1.0" encoding="utf-8"?>
<Project ToolsVersion="4.0" xmlns="http://schemas.microsoft.com/developer/msbuild/2003">
  <ItemGroup>
    <Filter Include="Source Files">
      <UniqueIdentifier>{dc5c3df5-6313-4a62-806e-607254406b73}</UniqueIdentifier>
      <Extensions>cpp;c;cxx;rc;def;r;odl;idl;hpj;bat</Extensions>
    </Filter>
    <Filter Include="Header Files">
      <UniqueIdentifier>{1059882b-c202-4eb1-a2da-6aa4ad852288}</UniqueIdentifier>
      <Extensions>h;hpp;hxx;hm;inl</Extensions>
    </Filter>
    <Filter Include="Resource Files">
      <UniqueIdentifier>{f4d7d11b-fc0c-4647-9a95-1fe5d1a9d88d}</UniqueIdentifier>
      <Extensions>ico;cur;bmp;dlg;rc2;rct;bin;rgs;gif;jpg;jpeg;jpe</Extensions>
    </Filter>
  </ItemGroup>
  <ItemGroup>
    <ClCompile Include="BiOpTroCon.cpp">
      <Filter>Source Files</Filter>
    </ClCompile>
    <ClCompile Include="BiOpTroConDoc.cpp">
      <Filter>Source Files</Filter>
    </ClCompile>
    <ClCompile Include="BiOpTroConView.cpp">
      <Filter>Source Files</Filter>
    </ClCompile>
    <ClCompile Include="ChildView1.cpp">
      <Filter>Source Files</Filter>
    </ClCompile>
    <ClCompile Include="ChildView10.cpp">
      <Filter>Source Files</Filter>
    </ClCompile>
    <ClCompile Include="ChildView2.cpp">
      <Filter>Source Files</Filter>
    </ClCompile>
    <ClCompile Include="ChildView3.cpp">
      <Filter>Source Files</Filter>
    </ClCompile>
    <ClCompile Include="ChildView4.cpp">
      <Filter>Source Files</Filter>
    </ClCompile>
    <ClCompile Include="ChildView5.cpp">
      <Filter>Source Files</Filter>
    </ClCompile>
    <ClCompile Include="ChildView6.cpp">
      <Filter>Source Files</Filter>
    </ClCompile>
    <ClCompile Include="ChildView7.cpp">
      <Filter>Source Files</Filter>
    </ClCompile>
    <ClCompile Include="ChildView8.cpp">
      <Filter>Source Files</Filter>
    </ClCompile>
    <ClCompile Include="ChildView9.cpp">
      <Filter>Source Files</Filter>
    </ClCompile>
    <ClCompile Include="comidaq.cpp">
      <Filter>Source Files</Filter>
    </ClCompile>
    <ClCompile Include="comiled.cpp">
      <Filter>Source Files</Filter>
    </ClCompile>
    <ClCompile Include="comitoggleswitch.cpp">
      <Filter>Source Files</Filter>
    </ClCompile>
    <ClCompile Include="commandbutton.cpp">
      <Filter>Source Files</Filter>
    </ClCompile>
    <ClCompile Include="Contec.cpp">
      <Filter>Source Files</Filter>
    </ClCompile>
    <ClCompile Include="Dio.cpp">
      <Filter>Source Files</Filter>
    </ClCompile>
    <ClCompile Include="DioD64H.cpp">
      <Filter>Source Files</Filter>
    </ClCompile>
    <ClCompile Include="DioD96.cpp">
      <Filter>Source Files</Filter>
    </ClCompile>
    <ClCompile Include="File.cpp">
      <Filter>Source Files</Filter>
    </ClCompile>
    <ClCompile Include="FileSysInfo.cpp">
      <Filter>Source Files</Filter>
    </ClCompile>
    <ClCompile Include="font.cpp">
      <Filter>Source Files</Filter>
    </ClCompile>
    <ClCompile Include="Globals.cpp">
      <Filter>Source Files</Filter>
    </ClCompile>
    <ClCompile Include="GRs.cpp">
      <Filter>Source Files</Filter>
    </ClCompile>
    <ClCompile Include="IniFile.cpp">
      <Filter>Source Files</Filter>
    </ClCompile>
    <ClCompile Include="labelcontrol.cpp">
      <Filter>Source Files</Filter>
    </ClCompile>
    <ClCompile Include="LeftBarDlg.cpp">
      <Filter>Source Files</Filter>
    </ClCompile>
    <ClCompile Include="MainFrm.cpp">
      <Filter>Source Files</Filter>
    </ClCompile>
    <ClCompile Include="mdccheckbox.cpp">
      <Filter>Source Files</Filter>
    </ClCompile>
    <ClCompile Include="ModeMan11.cpp">
      <Filter>Source Files</Filter>
    </ClCompile>
    <ClCompile Include="ModeMan12.cpp">
      <Filter>Source Files</Filter>
    </ClCompile>
    <ClCompile Include="ModeMan14.cpp">
      <Filter>Source Files</Filter>
    </ClCompile>
    <ClCompile Include="ModeMan15.cpp">
      <Filter>Source Files</Filter>
    </ClCompile>
    <ClCompile Include="ModeMan16.cpp">
      <Filter>Source Files</Filter>
    </ClCompile>
    <ClCompile Include="ModeMan17.cpp">
      <Filter>Source Files</Filter>
    </ClCompile>
    <ClCompile Include="ModeManSpark.cpp">
      <Filter>Source Files</Filter>
    </ClCompile>
    <ClCompile Include="ModeRun11.cpp">
      <Filter>Source Files</Filter>
    </ClCompile>
    <ClCompile Include="ModeSer12.cpp">
      <Filter>Source Files</Filter>
    </ClCompile>
    <ClCompile Include="ModeSer13.cpp">
      <Filter>Source Files</Filter>
    </ClCompile>
    <ClCompile Include="ModeSer15.cpp">
      <Filter>Source Files</Filter>
    </ClCompile>
    <ClCompile Include="ModeSet11.cpp">
      <Filter>Source Files</Filter>
    </ClCompile>
    <ClCompile Include="ModeSet12.cpp">
      <Filter>Source Files</Filter>
    </ClCompile>
    <ClCompile Include="ModeSet13.cpp">
      <Filter>Source Files</Filter>
    </ClCompile>
    <ClCompile Include="ModeSet15.cpp">
      <Filter>Source Files</Filter>
    </ClCompile>
    <ClCompile Include="ModeSet16.cpp">
      <Filter>Source Files</Filter>
    </ClCompile>
    <ClCompile Include="ModeSet17.cpp">
      <Filter>Source Files</Filter>
    </ClCompile>
    <ClCompile Include="ModeSet19.cpp">
      <Filter>Source Files</Filter>
    </ClCompile>
    <ClCompile Include="ModeSet21.cpp">
      <Filter>Source Files</Filter>
    </ClCompile>
    <ClCompile Include="ModeSub11.cpp">
      <Filter>Source Files</Filter>
    </ClCompile>
    <ClCompile Include="ModeSub13.cpp">
      <Filter>Source Files</Filter>
    </ClCompile>
    <ClCompile Include="ModeSub15.cpp">
      <Filter>Source Files</Filter>
    </ClCompile>
    <ClCompile Include="ModeSub17.cpp">
      <Filter>Source Files</Filter>
    </ClCompile>
    <ClCompile Include="ModeSub18.cpp">
      <Filter>Source Files</Filter>
    </ClCompile>
    <ClCompile Include="ModeSub19.cpp">
      <Filter>Source Files</Filter>
    </ClCompile>
    <ClCompile Include="ModeSub20.cpp">
      <Filter>Source Files</Filter>
    </ClCompile>
    <ClCompile Include="ModeSub22.cpp">
      <Filter>Source Files</Filter>
    </ClCompile>
    <ClCompile Include="ModeSub25.cpp">
      <Filter>Source Files</Filter>
    </ClCompile>
    <ClCompile Include="ModeSub31.cpp">
      <Filter>Source Files</Filter>
    </ClCompile>
    <ClCompile Include="ModeSub71.cpp">
      <Filter>Source Files</Filter>
    </ClCompile>
    <ClCompile Include="ModeSub72.cpp">
      <Filter>Source Files</Filter>
    </ClCompile>
    <ClCompile Include="ModeView16.cpp">
      <Filter>Source Files</Filter>
    </ClCompile>
    <ClCompile Include="msflexgrid.cpp">
      <Filter>Source Files</Filter>
    </ClCompile>
    <ClCompile Include="MyCtrlBar.cpp">
      <Filter>Source Files</Filter>
    </ClCompile>
    <ClCompile Include="MyRichEditCtrl.cpp">
      <Filter>Source Files</Filter>
    </ClCompile>
    <ClCompile Include="PassWord1.cpp">
      <Filter>Source Files</Filter>
    </ClCompile>
    <ClCompile Include="picture.cpp">
      <Filter>Source Files</Filter>
    </ClCompile>
    <ClCompile Include="rowcursor.cpp">
      <Filter>Source Files</Filter>
    </ClCompile>
    <ClCompile Include="SaveAsNewBdl.cpp">
      <Filter>Source Files</Filter>
    </ClCompile>
    <ClCompile Include="StdAfx.cpp">
      <Filter>Source Files</Filter>
    </ClCompile>
    <ClCompile Include="TrueColorToolbar.cpp">
      <Filter>Source Files</Filter>
    </ClCompile>
  </ItemGroup>
  <ItemGroup>
    <ResourceCompile Include="BiOpTroCon.rc">
      <Filter>Source Files</Filter>
    </ResourceCompile>
  </ItemGroup>
  <ItemGroup>
    <ClInclude Include="A_Define1.h">
      <Filter>Header Files</Filter>
    </ClInclude>
    <ClInclude Include="A_Define101.h">
      <Filter>Header Files</Filter>
    </ClInclude>
    <ClInclude Include="A_Define102.h">
      <Filter>Header Files</Filter>
    </ClInclude>
    <ClInclude Include="A_Define103.h">
      <Filter>Header Files</Filter>
    </ClInclude>
    <ClInclude Include="A_Define2.h">
      <Filter>Header Files</Filter>
    </ClInclude>
    <ClInclude Include="BiOpTroCon.h">
      <Filter>Header Files</Filter>
    </ClInclude>
    <ClInclude Include="BiOpTroConDoc.h">
      <Filter>Header Files</Filter>
    </ClInclude>
    <ClInclude Include="BiOpTroConView.h">
      <Filter>Header Files</Filter>
    </ClInclude>
    <ClInclude Include="ChildView1.h">
      <Filter>Header Files</Filter>
    </ClInclude>
    <ClInclude Include="ChildView10.h">
      <Filter>Header Files</Filter>
    </ClInclude>
    <ClInclude Include="ChildView2.h">
      <Filter>Header Files</Filter>
    </ClInclude>
    <ClInclude Include="ChildView3.h">
      <Filter>Header Files</Filter>
    </ClInclude>
    <ClInclude Include="ChildView4.h">
      <Filter>Header Files</Filter>
    </ClInclude>
    <ClInclude Include="ChildView5.h">
      <Filter>Header Files</Filter>
    </ClInclude>
    <ClInclude Include="ChildView6.h">
      <Filter>Header Files</Filter>
    </ClInclude>
    <ClInclude Include="ChildView7.h">
      <Filter>Header Files</Filter>
    </ClInclude>
    <ClInclude Include="ChildView8.h">
      <Filter>Header Files</Filter>
    </ClInclude>
    <ClInclude Include="ChildView9.h">
      <Filter>Header Files</Filter>
    </ClInclude>
    <ClInclude Include="comidaq.h">
      <Filter>Header Files</Filter>
    </ClInclude>
    <ClInclude Include="ComiDaqApi.h">
      <Filter>Header Files</Filter>
    </ClInclude>
    <ClInclude Include="ComiDaqComm.h">
      <Filter>Header Files</Filter>
    </ClInclude>
    <ClInclude Include="comiled.h">
      <Filter>Header Files</Filter>
    </ClInclude>
    <ClInclude Include="comitoggleswitch.h">
      <Filter>Header Files</Filter>
    </ClInclude>
    <ClInclude Include="commandbutton.h">
      <Filter>Header Files</Filter>
    </ClInclude>
    <ClInclude Include="Contec.h">
      <Filter>Header Files</Filter>
    </ClInclude>
    <ClInclude Include="Dio.h">
      <Filter>Header Files</Filter>
    </ClInclude>
    <ClInclude Include="DioD64H.h">
      <Filter>Header Files</Filter>
    </ClInclude>
    <ClInclude Include="DioD96.h">
      <Filter>Header Files</Filter>
    </ClInclude>
    <ClInclude Include="File.h">
      <Filter>Header Files</Filter>
    </ClInclude>
    <ClInclude Include="FileSysInfo.h">
      <Filter>Header Files</Filter>
    </ClInclude>
    <ClInclude Include="font.h">
      <Filter>Header Files</Filter>
    </ClInclude>
    <ClInclude Include="Globals.h">
      <Filter>Header Files</Filter>
    </ClInclude>
    <ClInclude Include="Gnet1.h">
      <Filter>Header Files</Filter>
    </ClInclude>
    <ClInclude Include="GRs.h">
      <Filter>Header Files</Filter>
    </ClInclude>
    <ClInclude Include="IniFile.h">
      <Filter>Header Files</Filter>
    </ClInclude>
    <ClInclude Include="IO.h">
      <Filter>Header Files</Filter>
    </ClInclude>
    <ClInclude Include="labelcontrol.h">
      <Filter>Header Files</Filter>
    </ClInclude>
    <ClInclude Include="LeftBarDlg.h">
      <Filter>Header Files</Filter>
    </ClInclude>
    <ClInclude Include="MainFrm.h">
      <Filter>Header Files</Filter>
    </ClInclude>
    <ClInclude Include="mdccheckbox.h">
      <Filter>Header Files</Filter>
    </ClInclude>
    <ClInclude Include="ModeAuto11.h">
      <Filter>Header Files</Filter>
    </ClInclude>
    <ClInclude Include="ModeMan11.h">
      <Filter>Header Files</Filter>
    </ClInclude>
    <ClInclude Include="ModeMan12.h">
      <Filter>Header Files</Filter>
    </ClInclude>
    <ClInclude Include="ModeMan14.h">
      <Filter>Header Files</Filter>
    </ClInclude>
    <ClInclude Include="ModeMan15.h">
      <Filter>Header Files</Filter>
    </ClInclude>
    <ClInclude Include="ModeMan16.h">
      <Filter>Header Files</Filter>
    </ClInclude>
    <ClInclude Include="ModeMan17.h">
      <Filter>Header Files</Filter>
    </ClInclude>
    <ClInclude Include="ModeManSpark.h">
      <Filter>Header Files</Filter>
    </ClInclude>
    <ClInclude Include="ModeRun11.h">
      <Filter>Header Files</Filter>
    </ClInclude>
    <ClInclude Include="ModeSer12.h">
      <Filter>Header Files</Filter>
    </ClInclude>
    <ClInclude Include="ModeSer13.h">
      <Filter>Header Files</Filter>
    </ClInclude>
    <ClInclude Include="ModeSer15.h">
      <Filter>Header Files</Filter>
    </ClInclude>
    <ClInclude Include="ModeSet11.h">
      <Filter>Header Files</Filter>
    </ClInclude>
    <ClInclude Include="ModeSet12.h">
      <Filter>Header Files</Filter>
    </ClInclude>
    <ClInclude Include="ModeSet13.h">
      <Filter>Header Files</Filter>
    </ClInclude>
    <ClInclude Include="ModeSet15.h">
      <Filter>Header Files</Filter>
    </ClInclude>
    <ClInclude Include="ModeSet16.h">
      <Filter>Header Files</Filter>
    </ClInclude>
    <ClInclude Include="ModeSet17.h">
      <Filter>Header Files</Filter>
    </ClInclude>
    <ClInclude Include="ModeSet19.h">
      <Filter>Header Files</Filter>
    </ClInclude>
    <ClInclude Include="ModeSet21.h">
      <Filter>Header Files</Filter>
    </ClInclude>
    <ClInclude Include="ModeSub11.h">
      <Filter>Header Files</Filter>
    </ClInclude>
    <ClInclude Include="ModeSub13.h">
      <Filter>Header Files</Filter>
    </ClInclude>
    <ClInclude Include="ModeSub15.h">
      <Filter>Header Files</Filter>
    </ClInclude>
    <ClInclude Include="ModeSub17.h">
      <Filter>Header Files</Filter>
    </ClInclude>
    <ClInclude Include="ModeSub18.h">
      <Filter>Header Files</Filter>
    </ClInclude>
    <ClInclude Include="ModeSub19.h">
      <Filter>Header Files</Filter>
    </ClInclude>
    <ClInclude Include="ModeSub20.h">
      <Filter>Header Files</Filter>
    </ClInclude>
    <ClInclude Include="ModeSub22.h">
      <Filter>Header Files</Filter>
    </ClInclude>
    <ClInclude Include="ModeSub25.h">
      <Filter>Header Files</Filter>
    </ClInclude>
    <ClInclude Include="ModeSub31.h">
      <Filter>Header Files</Filter>
    </ClInclude>
    <ClInclude Include="ModeSub71.h">
      <Filter>Header Files</Filter>
    </ClInclude>
    <ClInclude Include="ModeSub72.h">
      <Filter>Header Files</Filter>
    </ClInclude>
    <ClInclude Include="ModeView16.h">
      <Filter>Header Files</Filter>
    </ClInclude>
    <ClInclude Include="msflexgrid.h">
      <Filter>Header Files</Filter>
    </ClInclude>
    <ClInclude Include="MyCtrlBar.h">
      <Filter>Header Files</Filter>
    </ClInclude>
    <ClInclude Include="MyRichEditCtrl.h">
      <Filter>Header Files</Filter>
    </ClInclude>
    <ClInclude Include="PassWord1.h">
      <Filter>Header Files</Filter>
    </ClInclude>
    <ClInclude Include="PCI_D64H.h">
      <Filter>Header Files</Filter>
    </ClInclude>
    <ClInclude Include="picture.h">
      <Filter>Header Files</Filter>
    </ClInclude>
    <ClInclude Include="Print.h">
      <Filter>Header Files</Filter>
    </ClInclude>
    <ClInclude Include="Resource.h">
      <Filter>Header Files</Filter>
    </ClInclude>
    <ClInclude Include="rowcursor.h">
      <Filter>Header Files</Filter>
    </ClInclude>
    <ClInclude Include="SaveAsNewBdl.h">
      <Filter>Header Files</Filter>
    </ClInclude>
    <ClInclude Include="StdAfx.h">
      <Filter>Header Files</Filter>
    </ClInclude>
    <ClInclude Include="TrueColorToolbar.h">
      <Filter>Header Files</Filter>
    </ClInclude>
    <ClInclude Include="UniDAQ.h">
      <Filter>Header Files</Filter>
    </ClInclude>
  </ItemGroup>
  <ItemGroup>
    <Image Include="res\AUTO1.bmp">
      <Filter>Resource Files</Filter>
    </Image>
    <Image Include="res\AUTO2.bmp">
      <Filter>Resource Files</Filter>
    </Image>
    <Image Include="res\AUTO3.bmp">
      <Filter>Resource Files</Filter>
    </Image>
    <Image Include="res\backgroundA1.bmp">
      <Filter>Resource Files</Filter>
    </Image>
    <Image Include="res\backgroundA2.bmp">
      <Filter>Resource Files</Filter>
    </Image>
    <Image Include="res\BiOpTro.bmp">
      <Filter>Resource Files</Filter>
    </Image>
    <Image Include="res\BiOpTroCon.ico">
      <Filter>Resource Files</Filter>
    </Image>
    <Image Include="res\BiOpTroConDoc.ico">
      <Filter>Resource Files</Filter>
    </Image>
    <Image Include="0 icon\bmp2comp.bmp">
      <Filter>Resource Files</Filter>
    </Image>
    <Image Include="0 icon\BMP3.bmp">
      <Filter>Resource Files</Filter>
    </Image>
    <Image Include="res\ExtBarDemo.ico">
      <Filter>Resource Files</Filter>
    </Image>
    <Image Include="res\ExtBarDemoDoc.ico">
      <Filter>Resource Files</Filter>
    </Image>
    <Image Include="res\GRIM1-2.bmp">
      <Filter>Resource Files</Filter>
    </Image>
    <Image Include="res\GRIM1.bmp">
      <Filter>Resource Files</Filter>
    </Image>
    <Image Include="res\MSN_Back.bmp">
      <Filter>Resource Files</Filter>
    </Image>
    <Image Include="res\MSN_Back_Alpha.bmp">
      <Filter>Resource Files</Filter>
    </Image>
    <Image Include="res\MSN_Icon.bmp">
      <Filter>Resource Files</Filter>
    </Image>
    <Image Include="res\MSN_Logo.bmp">
      <Filter>Resource Files</Filter>
    </Image>
    <Image Include="res\NABI-2.bmp">
      <Filter>Resource Files</Filter>
    </Image>
    <Image Include="res\NABI2-2.bmp">
      <Filter>Resource Files</Filter>
    </Image>
    <Image Include="res\pic111.bmp">
      <Filter>Resource Files</Filter>
    </Image>
    <Image Include="res\Toolbar.bmp">
      <Filter>Resource Files</Filter>
    </Image>
    <Image Include="res\Toolbar_Back.bmp">
      <Filter>Resource Files</Filter>
    </Image>
    <Image Include="res\TrueColor_Toolbar.bmp">
      <Filter>Resource Files</Filter>
    </Image>
    <Image Include="res\TrueColor_Toolbar_Mono.bmp">
      <Filter>Resource Files</Filter>
    </Image>
  </ItemGroup>
  <ItemGroup>
    <Library Include="MSIMG32.LIB">
      <Filter>Resource Files</Filter>
    </Library>
  </ItemGroup>
  <ItemGroup>
    <Text Include="ReadMe.txt" />
  </ItemGroup>
  <ItemGroup>
    <CustomBuild Include="res\BiOpTroCon.rc2">
      <Filter>Resource Files</Filter>
    </CustomBuild>
    <CustomBuild Include="res\cursor1.cur">
      <Filter>Resource Files</Filter>
    </CustomBuild>
  </ItemGroup>
</Project>